
Microsoft Visual Studio Solution File, Format Version 12.00
# Visual Studio 15
VisualStudioVersion = 15.0.27729.1
MinimumVisualStudioVersion = 10.0.40219.1
Project("{FAE04EC0-301F-11D3-BF4B-00C04F79EFBC}") = "WebApp", "WebApp\WebApp.csproj", "{4B58D5FD-D92F-442D-8774-76CAD05FD01D}"
EndProject
Project("{FAE04EC0-301F-11D3-BF4B-00C04F79EFBC}") = "SQLHelper", "SQLHelper\SQLHelper.csproj", "{0CDD2126-A565-46EC-B5CD-A446185CA8AA}"
EndProject
Project("{FAE04EC0-301F-11D3-BF4B-00C04F79EFBC}") = "Project.Models", "Project.Models\Project.Models.csproj", "{2C168A98-927D-40A8-B36A-FD13618ED997}"
EndProject
Global
	GlobalSection(SolutionConfigurationPlatforms) = preSolution
		Debug|Any CPU = Debug|Any CPU
		Release|Any CPU = Release|Any CPU
	EndGlobalSection
	GlobalSection(ProjectConfigurationPlatforms) = postSolution
		{4B58D5FD-D92F-442D-8774-76CAD05FD01D}.Debug|Any CPU.ActiveCfg = Debug|Any CPU
		{4B58D5FD-D92F-442D-8774-76CAD05FD01D}.Debug|Any CPU.Build.0 = Debug|Any CPU
		{4B58D5FD-D92F-442D-8774-76CAD05FD01D}.Release|Any CPU.ActiveCfg = Release|Any CPU
		{4B58D5FD-D92F-442D-8774-76CAD05FD01D}.Release|Any CPU.Build.0 = Release|Any CPU
		{0CDD2126-A565-46EC-B5CD-A446185CA8AA}.Debug|Any CPU.ActiveCfg = Debug|Any CPU
		{0CDD2126-A565-46EC-B5CD-A446185CA8AA}.Debug|Any CPU.Build.0 = Debug|Any CPU
		{0CDD2126-A565-46EC-B5CD-A446185CA8AA}.Release|Any CPU.ActiveCfg = Release|Any CPU
		{0CDD2126-A565-46EC-B5CD-A446185CA8AA}.Release|Any CPU.Build.0 = Release|Any CPU
		{2C168A98-927D-40A8-B36A-FD13618ED997}.Debug|Any CPU.ActiveCfg = Debug|Any CPU
		{2C168A98-927D-40A8-B36A-FD13618ED997}.Debug|Any CPU.Build.0 = Debug|Any CPU
		{2C168A98-927D-40A8-B36A-FD13618ED997}.Release|Any CPU.ActiveCfg = Release|Any CPU
		{2C168A98-927D-40A8-B36A-FD13618ED997}.Release|Any CPU.Build.0 = Release|Any CPU
	EndGlobalSection
	GlobalSection(SolutionProperties) = preSolution
		HideSolutionNode = FALSE
	EndGlobalSection
	GlobalSection(ExtensibilityGlobals) = postSolution
		SolutionGuid = {2051C2F1-0BDA-4815-87F2-CA4EE4E286A7}
	EndGlobalSection
EndGlobal
